
Microsoft Visual Studio Solution File, Format Version 12.00
# Visual Studio Version 16
VisualStudioVersion = 16.0.28809.33
MinimumVisualStudioVersion = 10.0.40219.1
Project("{8BC9CEB8-8B4A-11D0-8D11-00A0C91BC942}") = "Quadbit", "Quadbit\Quadbit.vcxproj", "{14239553-783C-4422-8E54-05B42EE4C906}"
EndProject
Project("{8BC9CEB8-8B4A-11D0-8D11-00A0C91BC942}") = "Water", "Examples\Water\Water.vcxproj", "{6D4EC1BE-0057-49A6-B4DD-7B0ACDB00C11}"
EndProject
Project("{8BC9CEB8-8B4A-11D0-8D11-00A0C91BC942}") = "Voxels", "Examples\Voxels\Voxels.vcxproj", "{2A0E3A3B-8831-4915-9F0A-7DFE5FCD9D26}"
EndProject
Global
	GlobalSection(SolutionConfigurationPlatforms) = preSolution
		Debug|x64 = Debug|x64
		Debug|x86 = Debug|x86
		Release|x64 = Release|x64
		Release|x86 = Release|x86
	EndGlobalSection
	GlobalSection(ProjectConfigurationPlatforms) = postSolution
		{14239553-783C-4422-8E54-05B42EE4C906}.Debug|x64.ActiveCfg = Debug|x64
		{14239553-783C-4422-8E54-05B42EE4C906}.Debug|x64.Build.0 = Debug|x64
		{14239553-783C-4422-8E54-05B42EE4C906}.Debug|x86.ActiveCfg = Debug|Win32
		{14239553-783C-4422-8E54-05B42EE4C906}.Debug|x86.Build.0 = Debug|Win32
		{14239553-783C-4422-8E54-05B42EE4C906}.Release|x64.ActiveCfg = Release|x64
		{14239553-783C-4422-8E54-05B42EE4C906}.Release|x64.Build.0 = Release|x64
		{14239553-783C-4422-8E54-05B42EE4C906}.Release|x86.ActiveCfg = Release|Win32
		{14239553-783C-4422-8E54-05B42EE4C906}.Release|x86.Build.0 = Release|Win32
		{6D4EC1BE-0057-49A6-B4DD-7B0ACDB00C11}.Debug|x64.ActiveCfg = Debug|x64
		{6D4EC1BE-0057-49A6-B4DD-7B0ACDB00C11}.Debug|x64.Build.0 = Debug|x64
		{6D4EC1BE-0057-49A6-B4DD-7B0ACDB00C11}.Debug|x86.ActiveCfg = Debug|Win32
		{6D4EC1BE-0057-49A6-B4DD-7B0ACDB00C11}.Debug|x86.Build.0 = Debug|Win32
		{6D4EC1BE-0057-49A6-B4DD-7B0ACDB00C11}.Release|x64.ActiveCfg = Release|x64
		{6D4EC1BE-0057-49A6-B4DD-7B0ACDB00C11}.Release|x64.Build.0 = Release|x64
		{6D4EC1BE-0057-49A6-B4DD-7B0ACDB00C11}.Release|x86.ActiveCfg = Release|Win32
		{6D4EC1BE-0057-49A6-B4DD-7B0ACDB00C11}.Release|x86.Build.0 = Release|Win32
		{2A0E3A3B-8831-4915-9F0A-7DFE5FCD9D26}.Debug|x64.ActiveCfg = Debug|x64
		{2A0E3A3B-8831-4915-9F0A-7DFE5FCD9D26}.Debug|x64.Build.0 = Debug|x64
		{2A0E3A3B-8831-4915-9F0A-7DFE5FCD9D26}.Debug|x86.ActiveCfg = Debug|Win32
		{2A0E3A3B-8831-4915-9F0A-7DFE5FCD9D26}.Debug|x86.Build.0 = Debug|Win32
		{2A0E3A3B-8831-4915-9F0A-7DFE5FCD9D26}.Release|x64.ActiveCfg = Release|x64
		{2A0E3A3B-8831-4915-9F0A-7DFE5FCD9D26}.Release|x64.Build.0 = Release|x64
		{2A0E3A3B-8831-4915-9F0A-7DFE5FCD9D26}.Release|x86.ActiveCfg = Release|Win32
		{2A0E3A3B-8831-4915-9F0A-7DFE5FCD9D26}.Release|x86.Build.0 = Release|Win32
	EndGlobalSection
	GlobalSection(SolutionProperties) = preSolution
		HideSolutionNode = FALSE
	EndGlobalSection
	GlobalSection(ExtensibilityGlobals) = postSolution
		SolutionGuid = {C6747581-B77F-4F62-BDF0-B708D024BE97}
	EndGlobalSection
EndGlobal
