<?xml version="1.0" encoding="utf-8"?>
<Project ToolsVersion="4.0" xmlns="http://schemas.microsoft.com/developer/msbuild/2003">
  <ItemGroup>
    <Filter Include="Source Files">
      <UniqueIdentifier>{4FC737F1-C7A5-4376-A066-2A32D752A2FF}</UniqueIdentifier>
      <Extensions>cpp;c;cc;cxx;def;odl;idl;hpj;bat;asm;asmx</Extensions>
    </Filter>
    <Filter Include="Header Files">
      <UniqueIdentifier>{93995380-89BD-4b04-88EB-625FBE52EBFB}</UniqueIdentifier>
      <Extensions>h;hh;hpp;hxx;hm;inl;inc;ipp;xsd</Extensions>
    </Filter>
    <Filter Include="Resource Files">
      <UniqueIdentifier>{67DA6AB6-F800-4c08-8B7A-83BB121AAD01}</UniqueIdentifier>
      <Extensions>rc;ico;cur;bmp;dlg;rc2;rct;bin;rgs;gif;jpg;jpeg;jpe;resx;tiff;tif;png;wav;mfcribbon-ms</Extensions>
    </Filter>
  </ItemGroup>
  <ItemGroup>
    <ClCompile Include="Source\Main.cpp">
      <Filter>Source Files</Filter>
    </ClCompile>
    <ClCompile Include="Source\Infinitum.cpp">
      <Filter>Source Files</Filter>
    </ClCompile>
    <ClCompile Include="Source\Extern\FastNoiseSIMD\FastNoiseSIMD.cpp">
      <Filter>Source Files</Filter>
    </ClCompile>
    <ClCompile Include="Source\Extern\FastNoiseSIMD\FastNoiseSIMD_avx2.cpp">
      <Filter>Source Files</Filter>
    </ClCompile>
    <ClCompile Include="Source\Extern\FastNoiseSIMD\FastNoiseSIMD_avx512.cpp">
      <Filter>Source Files</Filter>
    </ClCompile>
    <ClCompile Include="Source\Extern\FastNoiseSIMD\FastNoiseSIMD_internal.cpp">
      <Filter>Source Files</Filter>
    </ClCompile>
    <ClCompile Include="Source\Extern\FastNoiseSIMD\FastNoiseSIMD_neon.cpp">
      <Filter>Source Files</Filter>
    </ClCompile>
    <ClCompile Include="Source\Extern\FastNoiseSIMD\FastNoiseSIMD_sse2.cpp">
      <Filter>Source Files</Filter>
    </ClCompile>
    <ClCompile Include="Source\Extern\FastNoiseSIMD\FastNoiseSIMD_sse41.cpp">
      <Filter>Source Files</Filter>
    </ClCompile>
  </ItemGroup>
  <ItemGroup>
    <ClInclude Include="Source\Infinitum.h">
      <Filter>Header Files</Filter>
    </ClInclude>
    <ClInclude Include="Source\Data\Defines.h">
      <Filter>Header Files</Filter>
    </ClInclude>
    <ClInclude Include="Source\Systems\MeshGenerationSystem.h">
      <Filter>Header Files</Filter>
    </ClInclude>
    <ClInclude Include="Source\Systems\PlayerMovementSystem.h">
      <Filter>Header Files</Filter>
    </ClInclude>
    <ClInclude Include="Source\Systems\ThirdPersonCameraSystem.h">
      <Filter>Header Files</Filter>
    </ClInclude>
    <ClInclude Include="Source\Systems\VoxelGenerationSystem.h">
      <Filter>Header Files</Filter>
    </ClInclude>
    <ClInclude Include="Source\Data\Components.h">
      <Filter>Header Files</Filter>
    </ClInclude>
    <ClInclude Include="Source\Extern\FastNoiseSIMD\FastNoiseSIMD.h">
      <Filter>Header Files</Filter>
    </ClInclude>
    <ClInclude Include="Source\Extern\FastNoiseSIMD\FastNoiseSIMD_internal.h">
      <Filter>Header Files</Filter>
    </ClInclude>
    <ClInclude Include="Source\Utils\TerrainTools.h">
      <Filter>Header Files</Filter>
    </ClInclude>
  </ItemGroup>
  <ItemGroup>
    <None Include="Source\Resources\Shaders\compileshaders.bat">
      <Filter>Source Files</Filter>
    </None>
    <None Include="Source\Resources\Shaders\voxel_frag.glsl" />
    <None Include="Source\Resources\Shaders\voxel_vert.glsl" />
    <None Include="Resources\Shaders\compileshaders.bat">
      <Filter>Source Files</Filter>
    </None>
    <None Include="Resources\Shaders\voxel_vert.glsl" />
    <None Include="Resources\Shaders\voxel_frag.glsl" />
  </ItemGroup>
</Project>